// !$*UTF8*$!
{
	archiveVersion = 1;
	classes = {
	};
	objectVersion = 55;
	objects = {

/* Begin PBXBuildFile section */
		5305D22029237B58004D0E3D /* CustomTableViewCell.swift in Sources */ = {isa = PBXBuildFile; fileRef = 5305D21F29237B58004D0E3D /* CustomTableViewCell.swift */; };
		5305D2492924AB05004D0E3D /* Song+CoreDataProperties copy.swift in Sources */ = {isa = PBXBuildFile; fileRef = 5305D2452924AB05004D0E3D /* Song+CoreDataProperties copy.swift */; };
		5305D24A2924AB05004D0E3D /* Project+CoreDataProperties copy.swift in Sources */ = {isa = PBXBuildFile; fileRef = 5305D2462924AB05004D0E3D /* Project+CoreDataProperties copy.swift */; };
		5305D24B2924AB05004D0E3D /* Project+CoreDataClass copy.swift in Sources */ = {isa = PBXBuildFile; fileRef = 5305D2472924AB05004D0E3D /* Project+CoreDataClass copy.swift */; };
		5305D24C2924AB05004D0E3D /* Song+CoreDataClass copy.swift in Sources */ = {isa = PBXBuildFile; fileRef = 5305D2482924AB05004D0E3D /* Song+CoreDataClass copy.swift */; };
		53E406A2292378FE00FDE7EA /* AppDelegate.swift in Sources */ = {isa = PBXBuildFile; fileRef = 53E406A1292378FE00FDE7EA /* AppDelegate.swift */; };
		53E406A4292378FE00FDE7EA /* SceneDelegate.swift in Sources */ = {isa = PBXBuildFile; fileRef = 53E406A3292378FE00FDE7EA /* SceneDelegate.swift */; };
		53E406A6292378FE00FDE7EA /* ViewController.swift in Sources */ = {isa = PBXBuildFile; fileRef = 53E406A5292378FE00FDE7EA /* ViewController.swift */; };
		53E406AC292378FE00FDE7EA /* CoreDataRelationshipPractice.xcdatamodeld in Sources */ = {isa = PBXBuildFile; fileRef = 53E406AA292378FE00FDE7EA /* CoreDataRelationshipPractice.xcdatamodeld */; };
		53E406AE292378FF00FDE7EA /* Assets.xcassets in Resources */ = {isa = PBXBuildFile; fileRef = 53E406AD292378FF00FDE7EA /* Assets.xcassets */; };
		53E406B1292378FF00FDE7EA /* LaunchScreen.storyboard in Resources */ = {isa = PBXBuildFile; fileRef = 53E406AF292378FF00FDE7EA /* LaunchScreen.storyboard */; };
		53E406B929237A8100FDE7EA /* DataService.swift in Sources */ = {isa = PBXBuildFile; fileRef = 53E406B829237A8100FDE7EA /* DataService.swift */; };
		8D9DE46AF76B335F6F5746CF /* Pods_CoreDataRelationshipPractice.framework in Frameworks */ = {isa = PBXBuildFile; fileRef = 226E5D41B541767E519CA148 /* Pods_CoreDataRelationshipPractice.framework */; };
/* End PBXBuildFile section */

/* Begin PBXFileReference section */
		1425027F5234B6EDA2BDAF85 /* Pods-CoreDataRelationshipPractice.release.xcconfig */ = {isa = PBXFileReference; includeInIndex = 1; lastKnownFileType = text.xcconfig; name = "Pods-CoreDataRelationshipPractice.release.xcconfig"; path = "Target Support Files/Pods-CoreDataRelationshipPractice/Pods-CoreDataRelationshipPractice.release.xcconfig"; sourceTree = "<group>"; };
		226E5D41B541767E519CA148 /* Pods_CoreDataRelationshipPractice.framework */ = {isa = PBXFileReference; explicitFileType = wrapper.framework; includeInIndex = 0; path = Pods_CoreDataRelationshipPractice.framework; sourceTree = BUILT_PRODUCTS_DIR; };
		5305D21F29237B58004D0E3D /* CustomTableViewCell.swift */ = {isa = PBXFileReference; lastKnownFileType = sourcecode.swift; path = CustomTableViewCell.swift; sourceTree = "<group>"; };
		5305D2452924AB05004D0E3D /* Song+CoreDataProperties copy.swift */ = {isa = PBXFileReference; fileEncoding = 4; lastKnownFileType = sourcecode.swift; path = "Song+CoreDataProperties copy.swift"; sourceTree = "<group>"; };
		5305D2462924AB05004D0E3D /* Project+CoreDataProperties copy.swift */ = {isa = PBXFileReference; fileEncoding = 4; lastKnownFileType = sourcecode.swift; path = "Project+CoreDataProperties copy.swift"; sourceTree = "<group>"; };
		5305D2472924AB05004D0E3D /* Project+CoreDataClass copy.swift */ = {isa = PBXFileReference; fileEncoding = 4; lastKnownFileType = sourcecode.swift; path = "Project+CoreDataClass copy.swift"; sourceTree = "<group>"; };
		5305D2482924AB05004D0E3D /* Song+CoreDataClass copy.swift */ = {isa = PBXFileReference; fileEncoding = 4; lastKnownFileType = sourcecode.swift; path = "Song+CoreDataClass copy.swift"; sourceTree = "<group>"; };
		53E4069E292378FE00FDE7EA /* CoreDataRelationshipPractice.app */ = {isa = PBXFileReference; explicitFileType = wrapper.application; includeInIndex = 0; path = CoreDataRelationshipPractice.app; sourceTree = BUILT_PRODUCTS_DIR; };
		53E406A1292378FE00FDE7EA /* AppDelegate.swift */ = {isa = PBXFileReference; lastKnownFileType = sourcecode.swift; path = AppDelegate.swift; sourceTree = "<group>"; };
		53E406A3292378FE00FDE7EA /* SceneDelegate.swift */ = {isa = PBXFileReference; lastKnownFileType = sourcecode.swift; path = SceneDelegate.swift; sourceTree = "<group>"; };
		53E406A5292378FE00FDE7EA /* ViewController.swift */ = {isa = PBXFileReference; lastKnownFileType = sourcecode.swift; path = ViewController.swift; sourceTree = "<group>"; };
		53E406AB292378FE00FDE7EA /* CoreDataRelationshipPractice.xcdatamodel */ = {isa = PBXFileReference; lastKnownFileType = wrapper.xcdatamodel; path = CoreDataRelationshipPractice.xcdatamodel; sourceTree = "<group>"; };
		53E406AD292378FF00FDE7EA /* Assets.xcassets */ = {isa = PBXFileReference; lastKnownFileType = folder.assetcatalog; path = Assets.xcassets; sourceTree = "<group>"; };
		53E406B0292378FF00FDE7EA /* Base */ = {isa = PBXFileReference; lastKnownFileType = file.storyboard; name = Base; path = Base.lproj/LaunchScreen.storyboard; sourceTree = "<group>"; };
		53E406B2292378FF00FDE7EA /* Info.plist */ = {isa = PBXFileReference; lastKnownFileType = text.plist.xml; path = Info.plist; sourceTree = "<group>"; };
		53E406B829237A8100FDE7EA /* DataService.swift */ = {isa = PBXFileReference; lastKnownFileType = sourcecode.swift; path = DataService.swift; sourceTree = "<group>"; };
		6108FFD6899A185EE79FF6AF /* Pods-CoreDataRelationshipPractice.debug.xcconfig */ = {isa = PBXFileReference; includeInIndex = 1; lastKnownFileType = text.xcconfig; name = "Pods-CoreDataRelationshipPractice.debug.xcconfig"; path = "Target Support Files/Pods-CoreDataRelationshipPractice/Pods-CoreDataRelationshipPractice.debug.xcconfig"; sourceTree = "<group>"; };
/* End PBXFileReference section */

/* Begin PBXFrameworksBuildPhase section */
		53E4069B292378FE00FDE7EA /* Frameworks */ = {
			isa = PBXFrameworksBuildPhase;
			buildActionMask = 2147483647;
			files = (
				8D9DE46AF76B335F6F5746CF /* Pods_CoreDataRelationshipPractice.framework in Frameworks */,
			);
			runOnlyForDeploymentPostprocessing = 0;
		};
/* End PBXFrameworksBuildPhase section */

/* Begin PBXGroup section */
		1B7E2E071AEFFA6C7C236CE7 /* Frameworks */ = {
			isa = PBXGroup;
			children = (
				226E5D41B541767E519CA148 /* Pods_CoreDataRelationshipPractice.framework */,
			);
			name = Frameworks;
			sourceTree = "<group>";
		};
		5305D23A2924773D004D0E3D /* DB */ = {
			isa = PBXGroup;
			children = (
				5305D2482924AB05004D0E3D /* Song+CoreDataClass copy.swift */,
				5305D2472924AB05004D0E3D /* Project+CoreDataClass copy.swift */,
				5305D2462924AB05004D0E3D /* Project+CoreDataProperties copy.swift */,
				5305D2452924AB05004D0E3D /* Song+CoreDataProperties copy.swift */,
			);
			path = DB;
			sourceTree = "<group>";
		};
		53E40695292378FE00FDE7EA = {
			isa = PBXGroup;
			children = (
				53E406A0292378FE00FDE7EA /* CoreDataRelationshipPractice */,
				53E4069F292378FE00FDE7EA /* Products */,
				568A33A9320B2654CFE31668 /* Pods */,
				1B7E2E071AEFFA6C7C236CE7 /* Frameworks */,
			);
			sourceTree = "<group>";
		};
		53E4069F292378FE00FDE7EA /* Products */ = {
			isa = PBXGroup;
			children = (
				53E4069E292378FE00FDE7EA /* CoreDataRelationshipPractice.app */,
			);
			name = Products;
			sourceTree = "<group>";
		};
		53E406A0292378FE00FDE7EA /* CoreDataRelationshipPractice */ = {
			isa = PBXGroup;
			children = (
				5305D23A2924773D004D0E3D /* DB */,
				53E406A1292378FE00FDE7EA /* AppDelegate.swift */,
				53E406A3292378FE00FDE7EA /* SceneDelegate.swift */,
				53E406A5292378FE00FDE7EA /* ViewController.swift */,
				5305D21F29237B58004D0E3D /* CustomTableViewCell.swift */,
				53E406B829237A8100FDE7EA /* DataService.swift */,
				53E406AD292378FF00FDE7EA /* Assets.xcassets */,
				53E406AF292378FF00FDE7EA /* LaunchScreen.storyboard */,
				53E406B2292378FF00FDE7EA /* Info.plist */,
				53E406AA292378FE00FDE7EA /* CoreDataRelationshipPractice.xcdatamodeld */,
			);
			path = CoreDataRelationshipPractice;
			sourceTree = "<group>";
		};
		568A33A9320B2654CFE31668 /* Pods */ = {
			isa = PBXGroup;
			children = (
				6108FFD6899A185EE79FF6AF /* Pods-CoreDataRelationshipPractice.debug.xcconfig */,
				1425027F5234B6EDA2BDAF85 /* Pods-CoreDataRelationshipPractice.release.xcconfig */,
			);
			path = Pods;
			sourceTree = "<group>";
		};
/* End PBXGroup section */

/* Begin PBXNativeTarget section */
		53E4069D292378FE00FDE7EA /* CoreDataRelationshipPractice */ = {
			isa = PBXNativeTarget;
			buildConfigurationList = 53E406B5292378FF00FDE7EA /* Build configuration list for PBXNativeTarget "CoreDataRelationshipPractice" */;
			buildPhases = (
				ED6787804052599BAFCED9C1 /* [CP] Check Pods Manifest.lock */,
				53E4069A292378FE00FDE7EA /* Sources */,
				53E4069B292378FE00FDE7EA /* Frameworks */,
				53E4069C292378FE00FDE7EA /* Resources */,
				FDF8B403F9A162D8D1663B88 /* [CP] Embed Pods Frameworks */,
			);
			buildRules = (
			);
			dependencies = (
			);
			name = CoreDataRelationshipPractice;
			productName = CoreDataRelationshipPractice;
			productReference = 53E4069E292378FE00FDE7EA /* CoreDataRelationshipPractice.app */;
			productType = "com.apple.product-type.application";
		};
/* End PBXNativeTarget section */

/* Begin PBXProject section */
		53E40696292378FE00FDE7EA /* Project object */ = {
			isa = PBXProject;
			attributes = {
				BuildIndependentTargetsInParallel = 1;
				LastSwiftUpdateCheck = 1400;
				LastUpgradeCheck = 1400;
				TargetAttributes = {
					53E4069D292378FE00FDE7EA = {
						CreatedOnToolsVersion = 14.0.1;
					};
				};
			};
			buildConfigurationList = 53E40699292378FE00FDE7EA /* Build configuration list for PBXProject "CoreDataRelationshipPractice" */;
			compatibilityVersion = "Xcode 13.0";
			developmentRegion = en;
			hasScannedForEncodings = 0;
			knownRegions = (
				en,
				Base,
			);
			mainGroup = 53E40695292378FE00FDE7EA;
			productRefGroup = 53E4069F292378FE00FDE7EA /* Products */;
			projectDirPath = "";
			projectRoot = "";
			targets = (
				53E4069D292378FE00FDE7EA /* CoreDataRelationshipPractice */,
			);
		};
/* End PBXProject section */

/* Begin PBXResourcesBuildPhase section */
		53E4069C292378FE00FDE7EA /* Resources */ = {
			isa = PBXResourcesBuildPhase;
			buildActionMask = 2147483647;
			files = (
				53E406B1292378FF00FDE7EA /* LaunchScreen.storyboard in Resources */,
				53E406AE292378FF00FDE7EA /* Assets.xcassets in Resources */,
			);
			runOnlyForDeploymentPostprocessing = 0;
		};
/* End PBXResourcesBuildPhase section */

/* Begin PBXShellScriptBuildPhase section */
		ED6787804052599BAFCED9C1 /* [CP] Check Pods Manifest.lock */ = {
			isa = PBXShellScriptBuildPhase;
			buildActionMask = 2147483647;
			files = (
			);
			inputFileListPaths = (
			);
			inputPaths = (
				"${PODS_PODFILE_DIR_PATH}/Podfile.lock",
				"${PODS_ROOT}/Manifest.lock",
			);
			name = "[CP] Check Pods Manifest.lock";
			outputFileListPaths = (
			);
			outputPaths = (
				"$(DERIVED_FILE_DIR)/Pods-CoreDataRelationshipPractice-checkManifestLockResult.txt",
			);
			runOnlyForDeploymentPostprocessing = 0;
			shellPath = /bin/sh;
			shellScript = "diff \"${PODS_PODFILE_DIR_PATH}/Podfile.lock\" \"${PODS_ROOT}/Manifest.lock\" > /dev/null\nif [ $? != 0 ] ; then\n    # print error to STDERR\n    echo \"error: The sandbox is not in sync with the Podfile.lock. Run 'pod install' or update your CocoaPods installation.\" >&2\n    exit 1\nfi\n# This output is used by Xcode 'outputs' to avoid re-running this script phase.\necho \"SUCCESS\" > \"${SCRIPT_OUTPUT_FILE_0}\"\n";
			showEnvVarsInLog = 0;
		};
		FDF8B403F9A162D8D1663B88 /* [CP] Embed Pods Frameworks */ = {
			isa = PBXShellScriptBuildPhase;
			buildActionMask = 2147483647;
			files = (
			);
			inputFileListPaths = (
				"${PODS_ROOT}/Target Support Files/Pods-CoreDataRelationshipPractice/Pods-CoreDataRelationshipPractice-frameworks-${CONFIGURATION}-input-files.xcfilelist",
			);
			name = "[CP] Embed Pods Frameworks";
			outputFileListPaths = (
				"${PODS_ROOT}/Target Support Files/Pods-CoreDataRelationshipPractice/Pods-CoreDataRelationshipPractice-frameworks-${CONFIGURATION}-output-files.xcfilelist",
			);
			runOnlyForDeploymentPostprocessing = 0;
			shellPath = /bin/sh;
			shellScript = "\"${PODS_ROOT}/Target Support Files/Pods-CoreDataRelationshipPractice/Pods-CoreDataRelationshipPractice-frameworks.sh\"\n";
			showEnvVarsInLog = 0;
		};
/* End PBXShellScriptBuildPhase section */

/* Begin PBXSourcesBuildPhase section */
		53E4069A292378FE00FDE7EA /* Sources */ = {
			isa = PBXSourcesBuildPhase;
			buildActionMask = 2147483647;
			files = (
				5305D24B2924AB05004D0E3D /* Project+CoreDataClass copy.swift in Sources */,
				5305D24C2924AB05004D0E3D /* Song+CoreDataClass copy.swift in Sources */,
				5305D22029237B58004D0E3D /* CustomTableViewCell.swift in Sources */,
				53E406A6292378FE00FDE7EA /* ViewController.swift in Sources */,
				5305D2492924AB05004D0E3D /* Song+CoreDataProperties copy.swift in Sources */,
				53E406AC292378FE00FDE7EA /* CoreDataRelationshipPractice.xcdatamodeld in Sources */,
				53E406A2292378FE00FDE7EA /* AppDelegate.swift in Sources */,
				53E406A4292378FE00FDE7EA /* SceneDelegate.swift in Sources */,
				5305D24A2924AB05004D0E3D /* Project+CoreDataProperties copy.swift in Sources */,
				53E406B929237A8100FDE7EA /* DataService.swift in Sources */,
			);
			runOnlyForDeploymentPostprocessing = 0;
		};
/* End PBXSourcesBuildPhase section */

/* Begin PBXVariantGroup section */
		53E406AF292378FF00FDE7EA /* LaunchScreen.storyboard */ = {
			isa = PBXVariantGroup;
			children = (
				53E406B0292378FF00FDE7EA /* Base */,
			);
			name = LaunchScreen.storyboard;
			sourceTree = "<group>";
		};
/* End PBXVariantGroup section */

/* Begin XCBuildConfiguration section */
		53E406B3292378FF00FDE7EA /* Debug */ = {
			isa = XCBuildConfiguration;
			buildSettings = {
				ALWAYS_SEARCH_USER_PATHS = NO;
				CLANG_ANALYZER_NONNULL = YES;
				CLANG_ANALYZER_NUMBER_OBJECT_CONVERSION = YES_AGGRESSIVE;
				CLANG_CXX_LANGUAGE_STANDARD = "gnu++20";
				CLANG_ENABLE_MODULES = YES;
				CLANG_ENABLE_OBJC_ARC = YES;
				CLANG_ENABLE_OBJC_WEAK = YES;
				CLANG_WARN_BLOCK_CAPTURE_AUTORELEASING = YES;
				CLANG_WARN_BOOL_CONVERSION = YES;
				CLANG_WARN_COMMA = YES;
				CLANG_WARN_CONSTANT_CONVERSION = YES;
				CLANG_WARN_DEPRECATED_OBJC_IMPLEMENTATIONS = YES;
				CLANG_WARN_DIRECT_OBJC_ISA_USAGE = YES_ERROR;
				CLANG_WARN_DOCUMENTATION_COMMENTS = YES;
				CLANG_WARN_EMPTY_BODY = YES;
				CLANG_WARN_ENUM_CONVERSION = YES;
				CLANG_WARN_INFINITE_RECURSION = YES;
				CLANG_WARN_INT_CONVERSION = YES;
				CLANG_WARN_NON_LITERAL_NULL_CONVERSION = YES;
				CLANG_WARN_OBJC_IMPLICIT_RETAIN_SELF = YES;
				CLANG_WARN_OBJC_LITERAL_CONVERSION = YES;
				CLANG_WARN_OBJC_ROOT_CLASS = YES_ERROR;
				CLANG_WARN_QUOTED_INCLUDE_IN_FRAMEWORK_HEADER = YES;
				CLANG_WARN_RANGE_LOOP_ANALYSIS = YES;
				CLANG_WARN_STRICT_PROTOTYPES = YES;
				CLANG_WARN_SUSPICIOUS_MOVE = YES;
				CLANG_WARN_UNGUARDED_AVAILABILITY = YES_AGGRESSIVE;
				CLANG_WARN_UNREACHABLE_CODE = YES;
				CLANG_WARN__DUPLICATE_METHOD_MATCH = YES;
				COPY_PHASE_STRIP = NO;
				DEBUG_INFORMATION_FORMAT = dwarf;
				ENABLE_STRICT_OBJC_MSGSEND = YES;
				ENABLE_TESTABILITY = YES;
				GCC_C_LANGUAGE_STANDARD = gnu11;
				GCC_DYNAMIC_NO_PIC = NO;
				GCC_NO_COMMON_BLOCKS = YES;
				GCC_OPTIMIZATION_LEVEL = 0;
				GCC_PREPROCESSOR_DEFINITIONS = (
					"DEBUG=1",
					"$(inherited)",
				);
				GCC_WARN_64_TO_32_BIT_CONVERSION = YES;
				GCC_WARN_ABOUT_RETURN_TYPE = YES_ERROR;
				GCC_WARN_UNDECLARED_SELECTOR = YES;
				GCC_WARN_UNINITIALIZED_AUTOS = YES_AGGRESSIVE;
				GCC_WARN_UNUSED_FUNCTION = YES;
				GCC_WARN_UNUSED_VARIABLE = YES;
				IPHONEOS_DEPLOYMENT_TARGET = 16.0;
				MTL_ENABLE_DEBUG_INFO = INCLUDE_SOURCE;
				MTL_FAST_MATH = YES;
				ONLY_ACTIVE_ARCH = YES;
				SDKROOT = iphoneos;
				SWIFT_ACTIVE_COMPILATION_CONDITIONS = DEBUG;
				SWIFT_OPTIMIZATION_LEVEL = "-Onone";
			};
			name = Debug;
		};
		53E406B4292378FF00FDE7EA /* Release */ = {
			isa = XCBuildConfiguration;
			buildSettings = {
				ALWAYS_SEARCH_USER_PATHS = NO;
				CLANG_ANALYZER_NONNULL = YES;
				CLANG_ANALYZER_NUMBER_OBJECT_CONVERSION = YES_AGGRESSIVE;
				CLANG_CXX_LANGUAGE_STANDARD = "gnu++20";
				CLANG_ENABLE_MODULES = YES;
				CLANG_ENABLE_OBJC_ARC = YES;
				CLANG_ENABLE_OBJC_WEAK = YES;
				CLANG_WARN_BLOCK_CAPTURE_AUTORELEASING = YES;
				CLANG_WARN_BOOL_CONVERSION = YES;
				CLANG_WARN_COMMA = YES;
				CLANG_WARN_CONSTANT_CONVERSION = YES;
				CLANG_WARN_DEPRECATED_OBJC_IMPLEMENTATIONS = YES;
				CLANG_WARN_DIRECT_OBJC_ISA_USAGE = YES_ERROR;
				CLANG_WARN_DOCUMENTATION_COMMENTS = YES;
				CLANG_WARN_EMPTY_BODY = YES;
				CLANG_WARN_ENUM_CONVERSION = YES;
				CLANG_WARN_INFINITE_RECURSION = YES;
				CLANG_WARN_INT_CONVERSION = YES;
				CLANG_WARN_NON_LITERAL_NULL_CONVERSION = YES;
				CLANG_WARN_OBJC_IMPLICIT_RETAIN_SELF = YES;
				CLANG_WARN_OBJC_LITERAL_CONVERSION = YES;
				CLANG_WARN_OBJC_ROOT_CLASS = YES_ERROR;
				CLANG_WARN_QUOTED_INCLUDE_IN_FRAMEWORK_HEADER = YES;
				CLANG_WARN_RANGE_LOOP_ANALYSIS = YES;
				CLANG_WARN_STRICT_PROTOTYPES = YES;
				CLANG_WARN_SUSPICIOUS_MOVE = YES;
				CLANG_WARN_UNGUARDED_AVAILABILITY = YES_AGGRESSIVE;
				CLANG_WARN_UNREACHABLE_CODE = YES;
				CLANG_WARN__DUPLICATE_METHOD_MATCH = YES;
				COPY_PHASE_STRIP = NO;
				DEBUG_INFORMATION_FORMAT = "dwarf-with-dsym";
				ENABLE_NS_ASSERTIONS = NO;
				ENABLE_STRICT_OBJC_MSGSEND = YES;
				GCC_C_LANGUAGE_STANDARD = gnu11;
				GCC_NO_COMMON_BLOCKS = YES;
				GCC_WARN_64_TO_32_BIT_CONVERSION = YES;
				GCC_WARN_ABOUT_RETURN_TYPE = YES_ERROR;
				GCC_WARN_UNDECLARED_SELECTOR = YES;
				GCC_WARN_UNINITIALIZED_AUTOS = YES_AGGRESSIVE;
				GCC_WARN_UNUSED_FUNCTION = YES;
				GCC_WARN_UNUSED_VARIABLE = YES;
				IPHONEOS_DEPLOYMENT_TARGET = 16.0;
				MTL_ENABLE_DEBUG_INFO = NO;
				MTL_FAST_MATH = YES;
				SDKROOT = iphoneos;
				SWIFT_COMPILATION_MODE = wholemodule;
				SWIFT_OPTIMIZATION_LEVEL = "-O";
				VALIDATE_PRODUCT = YES;
			};
			name = Release;
		};
		53E406B6292378FF00FDE7EA /* Debug */ = {
			isa = XCBuildConfiguration;
			baseConfigurationReference = 6108FFD6899A185EE79FF6AF /* Pods-CoreDataRelationshipPractice.debug.xcconfig */;
			buildSettings = {
				ASSETCATALOG_COMPILER_APPICON_NAME = AppIcon;
				ASSETCATALOG_COMPILER_GLOBAL_ACCENT_COLOR_NAME = AccentColor;
				CODE_SIGN_STYLE = Automatic;
				CURRENT_PROJECT_VERSION = 1;
				DEVELOPMENT_TEAM = MKMTS45SHE;
				GENERATE_INFOPLIST_FILE = YES;
				INFOPLIST_FILE = CoreDataRelationshipPractice/Info.plist;
				INFOPLIST_KEY_UIApplicationSupportsIndirectInputEvents = YES;
				INFOPLIST_KEY_UILaunchStoryboardName = LaunchScreen;
				INFOPLIST_KEY_UISupportedInterfaceOrientations_iPad = "UIInterfaceOrientationPortrait UIInterfaceOrientationPortraitUpsideDown UIInterfaceOrientationLandscapeLeft UIInterfaceOrientationLandscapeRight";
				INFOPLIST_KEY_UISupportedInterfaceOrientations_iPhone = "UIInterfaceOrientationPortrait UIInterfaceOrientationLandscapeLeft UIInterfaceOrientationLandscapeRight";
				LD_RUNPATH_SEARCH_PATHS = (
					"$(inherited)",
					"@executable_path/Frameworks",
				);
				MARKETING_VERSION = 1.0;
				PRODUCT_BUNDLE_IDENTIFIER = app.kobito.CoreDataRelationshipPractice;
				PRODUCT_NAME = "$(TARGET_NAME)";
				SWIFT_EMIT_LOC_STRINGS = YES;
				SWIFT_VERSION = 5.0;
				TARGETED_DEVICE_FAMILY = "1,2";
			};
			name = Debug;
		};
		53E406B7292378FF00FDE7EA /* Release */ = {
			isa = XCBuildConfiguration;
			baseConfigurationReference = 1425027F5234B6EDA2BDAF85 /* Pods-CoreDataRelationshipPractice.release.xcconfig */;
			buildSettings = {
				ASSETCATALOG_COMPILER_APPICON_NAME = AppIcon;
				ASSETCATALOG_COMPILER_GLOBAL_ACCENT_COLOR_NAME = AccentColor;
				CODE_SIGN_STYLE = Automatic;
				CURRENT_PROJECT_VERSION = 1;
				DEVELOPMENT_TEAM = MKMTS45SHE;
				GENERATE_INFOPLIST_FILE = YES;
				INFOPLIST_FILE = CoreDataRelationshipPractice/Info.plist;
				INFOPLIST_KEY_UIApplicationSupportsIndirectInputEvents = YES;
				INFOPLIST_KEY_UILaunchStoryboardName = LaunchScreen;
				INFOPLIST_KEY_UISupportedInterfaceOrientations_iPad = "UIInterfaceOrientationPortrait UIInterfaceOrientationPortraitUpsideDown UIInterfaceOrientationLandscapeLeft UIInterfaceOrientationLandscapeRight";
				INFOPLIST_KEY_UISupportedInterfaceOrientations_iPhone = "UIInterfaceOrientationPortrait UIInterfaceOrientationLandscapeLeft UIInterfaceOrientationLandscapeRight";
				LD_RUNPATH_SEARCH_PATHS = (
					"$(inherited)",
					"@executable_path/Frameworks",
				);
				MARKETING_VERSION = 1.0;
				PRODUCT_BUNDLE_IDENTIFIER = app.kobito.CoreDataRelationshipPractice;
				PRODUCT_NAME = "$(TARGET_NAME)";
				SWIFT_EMIT_LOC_STRINGS = YES;
				SWIFT_VERSION = 5.0;
				TARGETED_DEVICE_FAMILY = "1,2";
			};
			name = Release;
		};
/* End XCBuildConfiguration section */

/* Begin XCConfigurationList section */
		53E40699292378FE00FDE7EA /* Build configuration list for PBXProject "CoreDataRelationshipPractice" */ = {
			isa = XCConfigurationList;
			buildConfigurations = (
				53E406B3292378FF00FDE7EA /* Debug */,
				53E406B4292378FF00FDE7EA /* Release */,
			);
			defaultConfigurationIsVisible = 0;
			defaultConfigurationName = Release;
		};
		53E406B5292378FF00FDE7EA /* Build configuration list for PBXNativeTarget "CoreDataRelationshipPractice" */ = {
			isa = XCConfigurationList;
			buildConfigurations = (
				53E406B6292378FF00FDE7EA /* Debug */,
				53E406B7292378FF00FDE7EA /* Release */,
			);
			defaultConfigurationIsVisible = 0;
			defaultConfigurationName = Release;
		};
/* End XCConfigurationList section */

/* Begin XCVersionGroup section */
		53E406AA292378FE00FDE7EA /* CoreDataRelationshipPractice.xcdatamodeld */ = {
			isa = XCVersionGroup;
			children = (
				53E406AB292378FE00FDE7EA /* CoreDataRelationshipPractice.xcdatamodel */,
			);
			currentVersion = 53E406AB292378FE00FDE7EA /* CoreDataRelationshipPractice.xcdatamodel */;
			path = CoreDataRelationshipPractice.xcdatamodeld;
			sourceTree = "<group>";
			versionGroupType = wrapper.xcdatamodel;
		};
/* End XCVersionGroup section */
	};
	rootObject = 53E40696292378FE00FDE7EA /* Project object */;
}
